// !$*UTF8*$!
{
	archiveVersion = 1;
	classes = {
	};
	objectVersion = 50;
	objects = {

/* Begin PBXBuildFile section */
		904A7705243F68EF0033B36D /* FollowerCell.swift in Sources */ = {isa = PBXBuildFile; fileRef = 904A7704243F68EF0033B36D /* FollowerCell.swift */; };
		904A7707243F6C9A0033B36D /* GFAvatarImageView.swift in Sources */ = {isa = PBXBuildFile; fileRef = 904A7706243F6C9A0033B36D /* GFAvatarImageView.swift */; };
		907132C72430B74000B566C0 /* AppDelegate.swift in Sources */ = {isa = PBXBuildFile; fileRef = 907132C62430B74000B566C0 /* AppDelegate.swift */; };
		907132C92430B74000B566C0 /* SceneDelegate.swift in Sources */ = {isa = PBXBuildFile; fileRef = 907132C82430B74000B566C0 /* SceneDelegate.swift */; };
		907132D02430B74100B566C0 /* Assets.xcassets in Resources */ = {isa = PBXBuildFile; fileRef = 907132CF2430B74100B566C0 /* Assets.xcassets */; };
		907132D32430B74100B566C0 /* LaunchScreen.storyboard in Resources */ = {isa = PBXBuildFile; fileRef = 907132D12430B74100B566C0 /* LaunchScreen.storyboard */; };
		907132DB2430BCE800B566C0 /* SearchVC.swift in Sources */ = {isa = PBXBuildFile; fileRef = 907132DA2430BCE800B566C0 /* SearchVC.swift */; };
		907132DD2430BD1D00B566C0 /* FavoritesListVC.swift in Sources */ = {isa = PBXBuildFile; fileRef = 907132DC2430BD1D00B566C0 /* FavoritesListVC.swift */; };
		907132DF2430C4D900B566C0 /* GFButton.swift in Sources */ = {isa = PBXBuildFile; fileRef = 907132DE2430C4D900B566C0 /* GFButton.swift */; };
		907132E12430C79C00B566C0 /* GFTextField.swift in Sources */ = {isa = PBXBuildFile; fileRef = 907132E02430C79C00B566C0 /* GFTextField.swift */; };
		908C5E6324375F9400524CEE /* NetworkManager.swift in Sources */ = {isa = PBXBuildFile; fileRef = 908C5E6224375F9400524CEE /* NetworkManager.swift */; };
		908C5E662437A29200524CEE /* GFError.swift in Sources */ = {isa = PBXBuildFile; fileRef = 908C5E652437A29200524CEE /* GFError.swift */; };
		90922AF9246EBDEB005A0237 /* GFItemInfoVC.swift in Sources */ = {isa = PBXBuildFile; fileRef = 90922AF8246EBDEB005A0237 /* GFItemInfoVC.swift */; };
		90922AFB246EC085005A0237 /* GFRepoItemVC.swift in Sources */ = {isa = PBXBuildFile; fileRef = 90922AFA246EC085005A0237 /* GFRepoItemVC.swift */; };
		90922AFD246EC316005A0237 /* GFFollowerItemVC.swift in Sources */ = {isa = PBXBuildFile; fileRef = 90922AFC246EC316005A0237 /* GFFollowerItemVC.swift */; };
		9093E8F9245841AC00ACB022 /* UserInfoVC.swift in Sources */ = {isa = PBXBuildFile; fileRef = 9093E8F8245841AC00ACB022 /* UserInfoVC.swift */; };
		9093E8FB24584AF200ACB022 /* GFSecondaryTitleLabel.swift in Sources */ = {isa = PBXBuildFile; fileRef = 9093E8FA24584AF200ACB022 /* GFSecondaryTitleLabel.swift */; };
		9093E8FD24584B7E00ACB022 /* GFUserInfoHeaderVC.swift in Sources */ = {isa = PBXBuildFile; fileRef = 9093E8FC24584B7E00ACB022 /* GFUserInfoHeaderVC.swift */; };
		90C293B92433B3C400AD2027 /* GFTitleLabel.swift in Sources */ = {isa = PBXBuildFile; fileRef = 90C293B82433B3C400AD2027 /* GFTitleLabel.swift */; };
		90C293BB2433B5D800AD2027 /* GFBodyLabel.swift in Sources */ = {isa = PBXBuildFile; fileRef = 90C293BA2433B5D800AD2027 /* GFBodyLabel.swift */; };
		90C293BD2433B73600AD2027 /* GFAlertVC.swift in Sources */ = {isa = PBXBuildFile; fileRef = 90C293BC2433B73600AD2027 /* GFAlertVC.swift */; };
		90C293BF2433BD7000AD2027 /* UIViewController+Ext.swift in Sources */ = {isa = PBXBuildFile; fileRef = 90C293BE2433BD7000AD2027 /* UIViewController+Ext.swift */; };
		90C293C7243754CF00AD2027 /* Follower.swift in Sources */ = {isa = PBXBuildFile; fileRef = 90C293C6243754CF00AD2027 /* Follower.swift */; };
		90C293C9243755D000AD2027 /* User.swift in Sources */ = {isa = PBXBuildFile; fileRef = 90C293C8243755D000AD2027 /* User.swift */; };
		90C787ED245AF1C200D80659 /* Constants.swift in Sources */ = {isa = PBXBuildFile; fileRef = 90C787EC245AF1C200D80659 /* Constants.swift */; };
		90C787EF245B0D1A00D80659 /* GFItemInfoView.swift in Sources */ = {isa = PBXBuildFile; fileRef = 90C787EE245B0D1A00D80659 /* GFItemInfoView.swift */; };
		90C8C378243200DD0019B72D /* FollowerListVC.swift in Sources */ = {isa = PBXBuildFile; fileRef = 90C8C377243200DD0019B72D /* FollowerListVC.swift */; };
		90E8D4972449CD51008F0940 /* GFEmptyStateView.swift in Sources */ = {isa = PBXBuildFile; fileRef = 90E8D4962449CD51008F0940 /* GFEmptyStateView.swift */; };
/* End PBXBuildFile section */

/* Begin PBXFileReference section */
		904A7704243F68EF0033B36D /* FollowerCell.swift */ = {isa = PBXFileReference; lastKnownFileType = sourcecode.swift; path = FollowerCell.swift; sourceTree = "<group>"; };
		904A7706243F6C9A0033B36D /* GFAvatarImageView.swift */ = {isa = PBXFileReference; lastKnownFileType = sourcecode.swift; path = GFAvatarImageView.swift; sourceTree = "<group>"; };
		907132C32430B74000B566C0 /* GHFollowers.app */ = {isa = PBXFileReference; explicitFileType = wrapper.application; includeInIndex = 0; path = GHFollowers.app; sourceTree = BUILT_PRODUCTS_DIR; };
		907132C62430B74000B566C0 /* AppDelegate.swift */ = {isa = PBXFileReference; lastKnownFileType = sourcecode.swift; path = AppDelegate.swift; sourceTree = "<group>"; };
		907132C82430B74000B566C0 /* SceneDelegate.swift */ = {isa = PBXFileReference; lastKnownFileType = sourcecode.swift; path = SceneDelegate.swift; sourceTree = "<group>"; };
		907132CF2430B74100B566C0 /* Assets.xcassets */ = {isa = PBXFileReference; lastKnownFileType = folder.assetcatalog; path = Assets.xcassets; sourceTree = "<group>"; };
		907132D22430B74100B566C0 /* Base */ = {isa = PBXFileReference; lastKnownFileType = file.storyboard; name = Base; path = Base.lproj/LaunchScreen.storyboard; sourceTree = "<group>"; };
		907132D42430B74100B566C0 /* Info.plist */ = {isa = PBXFileReference; lastKnownFileType = text.plist.xml; path = Info.plist; sourceTree = "<group>"; };
		907132DA2430BCE800B566C0 /* SearchVC.swift */ = {isa = PBXFileReference; lastKnownFileType = sourcecode.swift; path = SearchVC.swift; sourceTree = "<group>"; };
		907132DC2430BD1D00B566C0 /* FavoritesListVC.swift */ = {isa = PBXFileReference; lastKnownFileType = sourcecode.swift; path = FavoritesListVC.swift; sourceTree = "<group>"; };
		907132DE2430C4D900B566C0 /* GFButton.swift */ = {isa = PBXFileReference; lastKnownFileType = sourcecode.swift; path = GFButton.swift; sourceTree = "<group>"; };
		907132E02430C79C00B566C0 /* GFTextField.swift */ = {isa = PBXFileReference; lastKnownFileType = sourcecode.swift; path = GFTextField.swift; sourceTree = "<group>"; };
		908C5E6224375F9400524CEE /* NetworkManager.swift */ = {isa = PBXFileReference; lastKnownFileType = sourcecode.swift; path = NetworkManager.swift; sourceTree = "<group>"; };
		908C5E652437A29200524CEE /* GFError.swift */ = {isa = PBXFileReference; lastKnownFileType = sourcecode.swift; path = GFError.swift; sourceTree = "<group>"; };
		90922AF8246EBDEB005A0237 /* GFItemInfoVC.swift */ = {isa = PBXFileReference; lastKnownFileType = sourcecode.swift; path = GFItemInfoVC.swift; sourceTree = "<group>"; };
		90922AFA246EC085005A0237 /* GFRepoItemVC.swift */ = {isa = PBXFileReference; lastKnownFileType = sourcecode.swift; path = GFRepoItemVC.swift; sourceTree = "<group>"; };
		90922AFC246EC316005A0237 /* GFFollowerItemVC.swift */ = {isa = PBXFileReference; lastKnownFileType = sourcecode.swift; path = GFFollowerItemVC.swift; sourceTree = "<group>"; };
		9093E8F8245841AC00ACB022 /* UserInfoVC.swift */ = {isa = PBXFileReference; lastKnownFileType = sourcecode.swift; path = UserInfoVC.swift; sourceTree = "<group>"; };
		9093E8FA24584AF200ACB022 /* GFSecondaryTitleLabel.swift */ = {isa = PBXFileReference; lastKnownFileType = sourcecode.swift; path = GFSecondaryTitleLabel.swift; sourceTree = "<group>"; };
		9093E8FC24584B7E00ACB022 /* GFUserInfoHeaderVC.swift */ = {isa = PBXFileReference; lastKnownFileType = sourcecode.swift; path = GFUserInfoHeaderVC.swift; sourceTree = "<group>"; };
		90C293B82433B3C400AD2027 /* GFTitleLabel.swift */ = {isa = PBXFileReference; lastKnownFileType = sourcecode.swift; path = GFTitleLabel.swift; sourceTree = "<group>"; };
		90C293BA2433B5D800AD2027 /* GFBodyLabel.swift */ = {isa = PBXFileReference; lastKnownFileType = sourcecode.swift; path = GFBodyLabel.swift; sourceTree = "<group>"; };
		90C293BC2433B73600AD2027 /* GFAlertVC.swift */ = {isa = PBXFileReference; lastKnownFileType = sourcecode.swift; path = GFAlertVC.swift; sourceTree = "<group>"; };
		90C293BE2433BD7000AD2027 /* UIViewController+Ext.swift */ = {isa = PBXFileReference; lastKnownFileType = sourcecode.swift; path = "UIViewController+Ext.swift"; sourceTree = "<group>"; };
		90C293C6243754CF00AD2027 /* Follower.swift */ = {isa = PBXFileReference; lastKnownFileType = sourcecode.swift; path = Follower.swift; sourceTree = "<group>"; };
		90C293C8243755D000AD2027 /* User.swift */ = {isa = PBXFileReference; lastKnownFileType = sourcecode.swift; path = User.swift; sourceTree = "<group>"; };
		90C787EC245AF1C200D80659 /* Constants.swift */ = {isa = PBXFileReference; lastKnownFileType = sourcecode.swift; path = Constants.swift; sourceTree = "<group>"; };
		90C787EE245B0D1A00D80659 /* GFItemInfoView.swift */ = {isa = PBXFileReference; lastKnownFileType = sourcecode.swift; path = GFItemInfoView.swift; sourceTree = "<group>"; };
		90C8C377243200DD0019B72D /* FollowerListVC.swift */ = {isa = PBXFileReference; lastKnownFileType = sourcecode.swift; path = FollowerListVC.swift; sourceTree = "<group>"; };
		90E8D4962449CD51008F0940 /* GFEmptyStateView.swift */ = {isa = PBXFileReference; lastKnownFileType = sourcecode.swift; path = GFEmptyStateView.swift; sourceTree = "<group>"; };
/* End PBXFileReference section */

/* Begin PBXFrameworksBuildPhase section */
		907132C02430B74000B566C0 /* Frameworks */ = {
			isa = PBXFrameworksBuildPhase;
			buildActionMask = 2147483647;
			files = (
			);
			runOnlyForDeploymentPostprocessing = 0;
		};
/* End PBXFrameworksBuildPhase section */

/* Begin PBXGroup section */
		904A7703243F68CB0033B36D /* Cells */ = {
			isa = PBXGroup;
			children = (
				904A7704243F68EF0033B36D /* FollowerCell.swift */,
			);
			path = Cells;
			sourceTree = "<group>";
		};
		907132BA2430B74000B566C0 = {
			isa = PBXGroup;
			children = (
				907132C52430B74000B566C0 /* GHFollowers */,
				907132C42430B74000B566C0 /* Products */,
			);
			sourceTree = "<group>";
		};
		907132C42430B74000B566C0 /* Products */ = {
			isa = PBXGroup;
			children = (
				907132C32430B74000B566C0 /* GHFollowers.app */,
			);
			name = Products;
			sourceTree = "<group>";
		};
		907132C52430B74000B566C0 /* GHFollowers */ = {
			isa = PBXGroup;
			children = (
				908C5E642437A28500524CEE /* Utilites */,
				908C5E6124375F8400524CEE /* Managers */,
				90C293C5243754BA00AD2027 /* Model */,
				90C293C42437508D00AD2027 /* Support */,
				90C293C32437502100AD2027 /* Extensions */,
				90C293C224374FF700AD2027 /* Custom Views */,
				90C293C124374FA200AD2027 /* Screens */,
				907132D42430B74100B566C0 /* Info.plist */,
			);
			path = GHFollowers;
			sourceTree = "<group>";
		};
		908C5E6124375F8400524CEE /* Managers */ = {
			isa = PBXGroup;
			children = (
				908C5E6224375F9400524CEE /* NetworkManager.swift */,
			);
			path = Managers;
			sourceTree = "<group>";
		};
		908C5E642437A28500524CEE /* Utilites */ = {
			isa = PBXGroup;
			children = (
				908C5E652437A29200524CEE /* GFError.swift */,
				90C787EC245AF1C200D80659 /* Constants.swift */,
			);
			path = Utilites;
			sourceTree = "<group>";
		};
		90922AFE246EC374005A0237 /* ItemInfoVCs */ = {
			isa = PBXGroup;
			children = (
				90922AF8246EBDEB005A0237 /* GFItemInfoVC.swift */,
				90922AFA246EC085005A0237 /* GFRepoItemVC.swift */,
				90922AFC246EC316005A0237 /* GFFollowerItemVC.swift */,
			);
			path = ItemInfoVCs;
			sourceTree = "<group>";
		};
		90C293C124374FA200AD2027 /* Screens */ = {
			isa = PBXGroup;
			children = (
				907132DA2430BCE800B566C0 /* SearchVC.swift */,
				907132DC2430BD1D00B566C0 /* FavoritesListVC.swift */,
				90C8C377243200DD0019B72D /* FollowerListVC.swift */,
				9093E8F8245841AC00ACB022 /* UserInfoVC.swift */,
			);
			path = Screens;
			sourceTree = "<group>";
		};
		90C293C224374FF700AD2027 /* Custom Views */ = {
			isa = PBXGroup;
			children = (
				90E8D4952449CD2F008F0940 /* Views */,
				90E8D4942449CC51008F0940 /* Labels */,
				90E8D4932449CC3D008F0940 /* TextFields */,
				90E8D4922449CC31008F0940 /* ViewControllers */,
				90E8D4912449CC2A008F0940 /* ImageViews */,
				90E8D4902449CC22008F0940 /* Buttons */,
				904A7703243F68CB0033B36D /* Cells */,
			);
			path = "Custom Views";
			sourceTree = "<group>";
		};
		90C293C32437502100AD2027 /* Extensions */ = {
			isa = PBXGroup;
			children = (
				90C293BE2433BD7000AD2027 /* UIViewController+Ext.swift */,
			);
			path = Extensions;
			sourceTree = "<group>";
		};
		90C293C42437508D00AD2027 /* Support */ = {
			isa = PBXGroup;
			children = (
				907132C62430B74000B566C0 /* AppDelegate.swift */,
				907132C82430B74000B566C0 /* SceneDelegate.swift */,
				907132CF2430B74100B566C0 /* Assets.xcassets */,
				907132D12430B74100B566C0 /* LaunchScreen.storyboard */,
			);
			path = Support;
			sourceTree = "<group>";
		};
		90C293C5243754BA00AD2027 /* Model */ = {
			isa = PBXGroup;
			children = (
				90C293C6243754CF00AD2027 /* Follower.swift */,
				90C293C8243755D000AD2027 /* User.swift */,
			);
			path = Model;
			sourceTree = "<group>";
		};
		90E8D4902449CC22008F0940 /* Buttons */ = {
			isa = PBXGroup;
			children = (
				907132DE2430C4D900B566C0 /* GFButton.swift */,
			);
			path = Buttons;
			sourceTree = "<group>";
		};
		90E8D4912449CC2A008F0940 /* ImageViews */ = {
			isa = PBXGroup;
			children = (
				904A7706243F6C9A0033B36D /* GFAvatarImageView.swift */,
			);
			path = ImageViews;
			sourceTree = "<group>";
		};
		90E8D4922449CC31008F0940 /* ViewControllers */ = {
			isa = PBXGroup;
			children = (
				90922AFE246EC374005A0237 /* ItemInfoVCs */,
				90C293BC2433B73600AD2027 /* GFAlertVC.swift */,
				9093E8FC24584B7E00ACB022 /* GFUserInfoHeaderVC.swift */,
			);
			path = ViewControllers;
			sourceTree = "<group>";
		};
		90E8D4932449CC3D008F0940 /* TextFields */ = {
			isa = PBXGroup;
			children = (
				907132E02430C79C00B566C0 /* GFTextField.swift */,
			);
			path = TextFields;
			sourceTree = "<group>";
		};
		90E8D4942449CC51008F0940 /* Labels */ = {
			isa = PBXGroup;
			children = (
				90C293B82433B3C400AD2027 /* GFTitleLabel.swift */,
				90C293BA2433B5D800AD2027 /* GFBodyLabel.swift */,
				9093E8FA24584AF200ACB022 /* GFSecondaryTitleLabel.swift */,
			);
			path = Labels;
			sourceTree = "<group>";
		};
		90E8D4952449CD2F008F0940 /* Views */ = {
			isa = PBXGroup;
			children = (
				90E8D4962449CD51008F0940 /* GFEmptyStateView.swift */,
				90C787EE245B0D1A00D80659 /* GFItemInfoView.swift */,
			);
			path = Views;
			sourceTree = "<group>";
		};
/* End PBXGroup section */

/* Begin PBXNativeTarget section */
		907132C22430B74000B566C0 /* GHFollowers */ = {
			isa = PBXNativeTarget;
			buildConfigurationList = 907132D72430B74100B566C0 /* Build configuration list for PBXNativeTarget "GHFollowers" */;
			buildPhases = (
				907132BF2430B74000B566C0 /* Sources */,
				907132C02430B74000B566C0 /* Frameworks */,
				907132C12430B74000B566C0 /* Resources */,
			);
			buildRules = (
			);
			dependencies = (
			);
			name = GHFollowers;
			productName = GHFollowers;
			productReference = 907132C32430B74000B566C0 /* GHFollowers.app */;
			productType = "com.apple.product-type.application";
		};
/* End PBXNativeTarget section */

/* Begin PBXProject section */
		907132BB2430B74000B566C0 /* Project object */ = {
			isa = PBXProject;
			attributes = {
				LastSwiftUpdateCheck = 1140;
				LastUpgradeCheck = 1140;
				ORGANIZATIONNAME = "Aksel Kantar";
				TargetAttributes = {
					907132C22430B74000B566C0 = {
						CreatedOnToolsVersion = 11.4;
					};
				};
			};
			buildConfigurationList = 907132BE2430B74000B566C0 /* Build configuration list for PBXProject "GHFollowers" */;
			compatibilityVersion = "Xcode 9.3";
			developmentRegion = en;
			hasScannedForEncodings = 0;
			knownRegions = (
				en,
				Base,
			);
			mainGroup = 907132BA2430B74000B566C0;
			productRefGroup = 907132C42430B74000B566C0 /* Products */;
			projectDirPath = "";
			projectRoot = "";
			targets = (
				907132C22430B74000B566C0 /* GHFollowers */,
			);
		};
/* End PBXProject section */

/* Begin PBXResourcesBuildPhase section */
		907132C12430B74000B566C0 /* Resources */ = {
			isa = PBXResourcesBuildPhase;
			buildActionMask = 2147483647;
			files = (
				907132D32430B74100B566C0 /* LaunchScreen.storyboard in Resources */,
				907132D02430B74100B566C0 /* Assets.xcassets in Resources */,
			);
			runOnlyForDeploymentPostprocessing = 0;
		};
/* End PBXResourcesBuildPhase section */

/* Begin PBXSourcesBuildPhase section */
		907132BF2430B74000B566C0 /* Sources */ = {
			isa = PBXSourcesBuildPhase;
			buildActionMask = 2147483647;
			files = (
				90922AFD246EC316005A0237 /* GFFollowerItemVC.swift in Sources */,
				90C293C9243755D000AD2027 /* User.swift in Sources */,
				90C787ED245AF1C200D80659 /* Constants.swift in Sources */,
				90C787EF245B0D1A00D80659 /* GFItemInfoView.swift in Sources */,
				907132E12430C79C00B566C0 /* GFTextField.swift in Sources */,
				907132DD2430BD1D00B566C0 /* FavoritesListVC.swift in Sources */,
				907132DF2430C4D900B566C0 /* GFButton.swift in Sources */,
				90922AF9246EBDEB005A0237 /* GFItemInfoVC.swift in Sources */,
				90922AFB246EC085005A0237 /* GFRepoItemVC.swift in Sources */,
				90C293BF2433BD7000AD2027 /* UIViewController+Ext.swift in Sources */,
				904A7707243F6C9A0033B36D /* GFAvatarImageView.swift in Sources */,
				907132DB2430BCE800B566C0 /* SearchVC.swift in Sources */,
				90C293BD2433B73600AD2027 /* GFAlertVC.swift in Sources */,
				904A7705243F68EF0033B36D /* FollowerCell.swift in Sources */,
				9093E8FB24584AF200ACB022 /* GFSecondaryTitleLabel.swift in Sources */,
				90E8D4972449CD51008F0940 /* GFEmptyStateView.swift in Sources */,
				9093E8FD24584B7E00ACB022 /* GFUserInfoHeaderVC.swift in Sources */,
				908C5E662437A29200524CEE /* GFError.swift in Sources */,
				90C293BB2433B5D800AD2027 /* GFBodyLabel.swift in Sources */,
				90C293C7243754CF00AD2027 /* Follower.swift in Sources */,
				9093E8F9245841AC00ACB022 /* UserInfoVC.swift in Sources */,
				90C293B92433B3C400AD2027 /* GFTitleLabel.swift in Sources */,
				908C5E6324375F9400524CEE /* NetworkManager.swift in Sources */,
				90C8C378243200DD0019B72D /* FollowerListVC.swift in Sources */,
				907132C72430B74000B566C0 /* AppDelegate.swift in Sources */,
				907132C92430B74000B566C0 /* SceneDelegate.swift in Sources */,
			);
			runOnlyForDeploymentPostprocessing = 0;
		};
/* End PBXSourcesBuildPhase section */

/* Begin PBXVariantGroup section */
		907132D12430B74100B566C0 /* LaunchScreen.storyboard */ = {
			isa = PBXVariantGroup;
			children = (
				907132D22430B74100B566C0 /* Base */,
			);
			name = LaunchScreen.storyboard;
			sourceTree = "<group>";
		};
/* End PBXVariantGroup section */

/* Begin XCBuildConfiguration section */
		907132D52430B74100B566C0 /* Debug */ = {
			isa = XCBuildConfiguration;
			buildSettings = {
				ALWAYS_SEARCH_USER_PATHS = NO;
				CLANG_ANALYZER_NONNULL = YES;
				CLANG_ANALYZER_NUMBER_OBJECT_CONVERSION = YES_AGGRESSIVE;
				CLANG_CXX_LANGUAGE_STANDARD = "gnu++14";
				CLANG_CXX_LIBRARY = "libc++";
				CLANG_ENABLE_MODULES = YES;
				CLANG_ENABLE_OBJC_ARC = YES;
				CLANG_ENABLE_OBJC_WEAK = YES;
				CLANG_WARN_BLOCK_CAPTURE_AUTORELEASING = YES;
				CLANG_WARN_BOOL_CONVERSION = YES;
				CLANG_WARN_COMMA = YES;
				CLANG_WARN_CONSTANT_CONVERSION = YES;
				CLANG_WARN_DEPRECATED_OBJC_IMPLEMENTATIONS = YES;
				CLANG_WARN_DIRECT_OBJC_ISA_USAGE = YES_ERROR;
				CLANG_WARN_DOCUMENTATION_COMMENTS = YES;
				CLANG_WARN_EMPTY_BODY = YES;
				CLANG_WARN_ENUM_CONVERSION = YES;
				CLANG_WARN_INFINITE_RECURSION = YES;
				CLANG_WARN_INT_CONVERSION = YES;
				CLANG_WARN_NON_LITERAL_NULL_CONVERSION = YES;
				CLANG_WARN_OBJC_IMPLICIT_RETAIN_SELF = YES;
				CLANG_WARN_OBJC_LITERAL_CONVERSION = YES;
				CLANG_WARN_OBJC_ROOT_CLASS = YES_ERROR;
				CLANG_WARN_RANGE_LOOP_ANALYSIS = YES;
				CLANG_WARN_STRICT_PROTOTYPES = YES;
				CLANG_WARN_SUSPICIOUS_MOVE = YES;
				CLANG_WARN_UNGUARDED_AVAILABILITY = YES_AGGRESSIVE;
				CLANG_WARN_UNREACHABLE_CODE = YES;
				CLANG_WARN__DUPLICATE_METHOD_MATCH = YES;
				COPY_PHASE_STRIP = NO;
				DEBUG_INFORMATION_FORMAT = dwarf;
				ENABLE_STRICT_OBJC_MSGSEND = YES;
				ENABLE_TESTABILITY = YES;
				GCC_C_LANGUAGE_STANDARD = gnu11;
				GCC_DYNAMIC_NO_PIC = NO;
				GCC_NO_COMMON_BLOCKS = YES;
				GCC_OPTIMIZATION_LEVEL = 0;
				GCC_PREPROCESSOR_DEFINITIONS = (
					"DEBUG=1",
					"$(inherited)",
				);
				GCC_WARN_64_TO_32_BIT_CONVERSION = YES;
				GCC_WARN_ABOUT_RETURN_TYPE = YES_ERROR;
				GCC_WARN_UNDECLARED_SELECTOR = YES;
				GCC_WARN_UNINITIALIZED_AUTOS = YES_AGGRESSIVE;
				GCC_WARN_UNUSED_FUNCTION = YES;
				GCC_WARN_UNUSED_VARIABLE = YES;
				IPHONEOS_DEPLOYMENT_TARGET = 13.4;
				MTL_ENABLE_DEBUG_INFO = INCLUDE_SOURCE;
				MTL_FAST_MATH = YES;
				ONLY_ACTIVE_ARCH = YES;
				SDKROOT = iphoneos;
				SWIFT_ACTIVE_COMPILATION_CONDITIONS = DEBUG;
				SWIFT_OPTIMIZATION_LEVEL = "-Onone";
			};
			name = Debug;
		};
		907132D62430B74100B566C0 /* Release */ = {
			isa = XCBuildConfiguration;
			buildSettings = {
				ALWAYS_SEARCH_USER_PATHS = NO;
				CLANG_ANALYZER_NONNULL = YES;
				CLANG_ANALYZER_NUMBER_OBJECT_CONVERSION = YES_AGGRESSIVE;
				CLANG_CXX_LANGUAGE_STANDARD = "gnu++14";
				CLANG_CXX_LIBRARY = "libc++";
				CLANG_ENABLE_MODULES = YES;
				CLANG_ENABLE_OBJC_ARC = YES;
				CLANG_ENABLE_OBJC_WEAK = YES;
				CLANG_WARN_BLOCK_CAPTURE_AUTORELEASING = YES;
				CLANG_WARN_BOOL_CONVERSION = YES;
				CLANG_WARN_COMMA = YES;
				CLANG_WARN_CONSTANT_CONVERSION = YES;
				CLANG_WARN_DEPRECATED_OBJC_IMPLEMENTATIONS = YES;
				CLANG_WARN_DIRECT_OBJC_ISA_USAGE = YES_ERROR;
				CLANG_WARN_DOCUMENTATION_COMMENTS = YES;
				CLANG_WARN_EMPTY_BODY = YES;
				CLANG_WARN_ENUM_CONVERSION = YES;
				CLANG_WARN_INFINITE_RECURSION = YES;
				CLANG_WARN_INT_CONVERSION = YES;
				CLANG_WARN_NON_LITERAL_NULL_CONVERSION = YES;
				CLANG_WARN_OBJC_IMPLICIT_RETAIN_SELF = YES;
				CLANG_WARN_OBJC_LITERAL_CONVERSION = YES;
				CLANG_WARN_OBJC_ROOT_CLASS = YES_ERROR;
				CLANG_WARN_RANGE_LOOP_ANALYSIS = YES;
				CLANG_WARN_STRICT_PROTOTYPES = YES;
				CLANG_WARN_SUSPICIOUS_MOVE = YES;
				CLANG_WARN_UNGUARDED_AVAILABILITY = YES_AGGRESSIVE;
				CLANG_WARN_UNREACHABLE_CODE = YES;
				CLANG_WARN__DUPLICATE_METHOD_MATCH = YES;
				COPY_PHASE_STRIP = NO;
				DEBUG_INFORMATION_FORMAT = "dwarf-with-dsym";
				ENABLE_NS_ASSERTIONS = NO;
				ENABLE_STRICT_OBJC_MSGSEND = YES;
				GCC_C_LANGUAGE_STANDARD = gnu11;
				GCC_NO_COMMON_BLOCKS = YES;
				GCC_WARN_64_TO_32_BIT_CONVERSION = YES;
				GCC_WARN_ABOUT_RETURN_TYPE = YES_ERROR;
				GCC_WARN_UNDECLARED_SELECTOR = YES;
				GCC_WARN_UNINITIALIZED_AUTOS = YES_AGGRESSIVE;
				GCC_WARN_UNUSED_FUNCTION = YES;
				GCC_WARN_UNUSED_VARIABLE = YES;
				IPHONEOS_DEPLOYMENT_TARGET = 13.4;
				MTL_ENABLE_DEBUG_INFO = NO;
				MTL_FAST_MATH = YES;
				SDKROOT = iphoneos;
				SWIFT_COMPILATION_MODE = wholemodule;
				SWIFT_OPTIMIZATION_LEVEL = "-O";
				VALIDATE_PRODUCT = YES;
			};
			name = Release;
		};
		907132D82430B74100B566C0 /* Debug */ = {
			isa = XCBuildConfiguration;
			buildSettings = {
				ASSETCATALOG_COMPILER_APPICON_NAME = AppIcon;
				CODE_SIGN_STYLE = Automatic;
				DEVELOPMENT_TEAM = WG5W84SFT6;
				INFOPLIST_FILE = GHFollowers/Info.plist;
				LD_RUNPATH_SEARCH_PATHS = (
					"$(inherited)",
					"@executable_path/Frameworks",
				);
				PRODUCT_BUNDLE_IDENTIFIER = com.akselkantar.GHFollowers;
				PRODUCT_NAME = "$(TARGET_NAME)";
				SWIFT_VERSION = 5.0;
				TARGETED_DEVICE_FAMILY = 1;
			};
			name = Debug;
		};
		907132D92430B74100B566C0 /* Release */ = {
			isa = XCBuildConfiguration;
			buildSettings = {
				ASSETCATALOG_COMPILER_APPICON_NAME = AppIcon;
				CODE_SIGN_STYLE = Automatic;
				DEVELOPMENT_TEAM = WG5W84SFT6;
				INFOPLIST_FILE = GHFollowers/Info.plist;
				LD_RUNPATH_SEARCH_PATHS = (
					"$(inherited)",
					"@executable_path/Frameworks",
				);
				PRODUCT_BUNDLE_IDENTIFIER = com.akselkantar.GHFollowers;
				PRODUCT_NAME = "$(TARGET_NAME)";
				SWIFT_VERSION = 5.0;
				TARGETED_DEVICE_FAMILY = 1;
			};
			name = Release;
		};
/* End XCBuildConfiguration section */

/* Begin XCConfigurationList section */
		907132BE2430B74000B566C0 /* Build configuration list for PBXProject "GHFollowers" */ = {
			isa = XCConfigurationList;
			buildConfigurations = (
				907132D52430B74100B566C0 /* Debug */,
				907132D62430B74100B566C0 /* Release */,
			);
			defaultConfigurationIsVisible = 0;
			defaultConfigurationName = Release;
		};
		907132D72430B74100B566C0 /* Build configuration list for PBXNativeTarget "GHFollowers" */ = {
			isa = XCConfigurationList;
			buildConfigurations = (
				907132D82430B74100B566C0 /* Debug */,
				907132D92430B74100B566C0 /* Release */,
			);
			defaultConfigurationIsVisible = 0;
			defaultConfigurationName = Release;
		};
/* End XCConfigurationList section */
	};
	rootObject = 907132BB2430B74000B566C0 /* Project object */;
}
